
Microsoft Visual Studio Solution File, Format Version 12.00
# Visual Studio Version 16
VisualStudioVersion = 16.0.30225.117
MinimumVisualStudioVersion = 10.0.40219.1
Project("{9A19103F-16F7-4668-BE54-9A1E7A4F7556}") = "DonNetCoreEFGonPractice", "DonNetCoreEFGonPractice.csproj", "{37B9D691-114A-43DF-803D-4A0F911E6F64}"
EndProject
Global
	GlobalSection(SolutionConfigurationPlatforms) = preSolution
		Debug|Any CPU = Debug|Any CPU
		Release|Any CPU = Release|Any CPU
	EndGlobalSection
	GlobalSection(ProjectConfigurationPlatforms) = postSolution
		{37B9D691-114A-43DF-803D-4A0F911E6F64}.Debug|Any CPU.ActiveCfg = Debug|Any CPU
		{37B9D691-114A-43DF-803D-4A0F911E6F64}.Debug|Any CPU.Build.0 = Debug|Any CPU
		{37B9D691-114A-43DF-803D-4A0F911E6F64}.Release|Any CPU.ActiveCfg = Release|Any CPU
		{37B9D691-114A-43DF-803D-4A0F911E6F64}.Release|Any CPU.Build.0 = Release|Any CPU
	EndGlobalSection
	GlobalSection(SolutionProperties) = preSolution
		HideSolutionNode = FALSE
	EndGlobalSection
	GlobalSection(ExtensibilityGlobals) = postSolution
		SolutionGuid = {ABF525B5-8523-49C5-A95C-B23031145CE5}
	EndGlobalSection
EndGlobal
